<?xml version="1.0" encoding="utf-8"?>
<Project ToolsVersion="4.0" xmlns="http://schemas.microsoft.com/developer/msbuild/2003">
  <ItemGroup>
    <Filter Include="Source Files">
      <UniqueIdentifier>{4FC737F1-C7A5-4376-A066-2A32D752A2FF}</UniqueIdentifier>
      <Extensions>cpp;c;cc;cxx;def;odl;idl;hpj;bat;asm;asmx</Extensions>
    </Filter>
    <Filter Include="Header Files">
      <UniqueIdentifier>{93995380-89BD-4b04-88EB-625FBE52EBFB}</UniqueIdentifier>
      <Extensions>h;hh;hpp;hxx;hm;inl;inc;xsd</Extensions>
    </Filter>
    <Filter Include="Resource Files">
      <UniqueIdentifier>{67DA6AB6-F800-4c08-8B7A-83BB121AAD01}</UniqueIdentifier>
      <Extensions>rc;ico;cur;bmp;dlg;rc2;rct;bin;rgs;gif;jpg;jpeg;jpe;resx;tiff;tif;png;wav;mfcribbon-ms</Extensions>
    </Filter>
    <Filter Include="Header Files\Objects">
      <UniqueIdentifier>{0cc43390-a830-4750-aaa0-9277dc98dfab}</UniqueIdentifier>
    </Filter>
    <Filter Include="Header Files\Abilities">
      <UniqueIdentifier>{fef6ab71-c3dc-49c7-aebd-455f0ad17c06}</UniqueIdentifier>
    </Filter>
    <Filter Include="Header Files\Interfaces">
      <UniqueIdentifier>{86beacc2-d89f-4f5c-83e2-241565e3139b}</UniqueIdentifier>
    </Filter>
    <Filter Include="Header Files\Geometry">
      <UniqueIdentifier>{d9ab5dda-22a9-4c16-85fe-4ec68c79bc2a}</UniqueIdentifier>
    </Filter>
    <Filter Include="Header Files\World">
      <UniqueIdentifier>{eb8d5100-a39c-40ef-9a9e-b268a33e6839}</UniqueIdentifier>
    </Filter>
    <Filter Include="Source Files\Abilities">
      <UniqueIdentifier>{1ab12734-09ce-4749-857d-424d2d1959ef}</UniqueIdentifier>
    </Filter>
    <Filter Include="Source Files\Interfaces">
      <UniqueIdentifier>{56453b91-d401-43a2-a5ee-e1159d7b6658}</UniqueIdentifier>
    </Filter>
    <Filter Include="Source Files\Objects">
      <UniqueIdentifier>{2464aa39-2f91-4f15-9355-2a322cde890e}</UniqueIdentifier>
    </Filter>
    <Filter Include="Source Files\World">
      <UniqueIdentifier>{828ed274-16f3-48b5-9fab-f5a70a1f3a21}</UniqueIdentifier>
    </Filter>
    <Filter Include="Header Files\Defense">
      <UniqueIdentifier>{8ea08f16-a71a-42bf-94af-cc04626fbdd2}</UniqueIdentifier>
    </Filter>
    <Filter Include="Header Files\Offense">
      <UniqueIdentifier>{bc53d6e9-38b6-4feb-bd4f-26ccfd411a00}</UniqueIdentifier>
    </Filter>
    <Filter Include="Source Files\Offense">
      <UniqueIdentifier>{4577fb9c-76fc-40be-87ff-d881ca36502a}</UniqueIdentifier>
    </Filter>
    <Filter Include="Source Files\Defense">
      <UniqueIdentifier>{3dc6f5fb-3a47-4c3c-9434-af1601502072}</UniqueIdentifier>
    </Filter>
    <Filter Include="Header Files\Objects\Resource">
      <UniqueIdentifier>{708053c9-94d4-43ae-a100-7f8baa61f702}</UniqueIdentifier>
    </Filter>
    <Filter Include="Source Files\Objects\Resource">
      <UniqueIdentifier>{0a4bca89-f582-4f6f-8f93-d29b50361807}</UniqueIdentifier>
    </Filter>
  </ItemGroup>
  <ItemGroup>
    <Text Include="ReadMe.txt" />
  </ItemGroup>
  <ItemGroup>
    <ClInclude Include="stdafx.h">
      <Filter>Header Files</Filter>
    </ClInclude>
    <ClInclude Include="targetver.h">
      <Filter>Header Files</Filter>
    </ClInclude>
    <ClInclude Include="Ability.h">
      <Filter>Header Files\Abilities</Filter>
    </ClInclude>
    <ClInclude Include="GameObject.h">
      <Filter>Header Files\Objects</Filter>
    </ClInclude>
    <ClInclude Include="Unit.h">
      <Filter>Header Files\Objects</Filter>
    </ClInclude>
    <ClInclude Include="Combat.h">
      <Filter>Header Files\Interfaces</Filter>
    </ClInclude>
    <ClInclude Include="Worker.h">
      <Filter>Header Files\Interfaces</Filter>
    </ClInclude>
    <ClInclude Include="Builder.h">
      <Filter>Header Files\Interfaces</Filter>
    </ClInclude>
    <ClInclude Include="Armor.h">
      <Filter>Header Files\Defense</Filter>
    </ClInclude>
    <ClInclude Include="World.h">
      <Filter>Header Files\World</Filter>
    </ClInclude>
    <ClInclude Include="Transform.h">
      <Filter>Header Files\Geometry</Filter>
    </ClInclude>
    <ClInclude Include="Rotation.h">
      <Filter>Header Files\Geometry</Filter>
    </ClInclude>
    <ClInclude Include="Physics.h">
      <Filter>Header Files\Geometry</Filter>
    </ClInclude>
    <ClInclude Include="Shield.h">
      <Filter>Header Files\Defense</Filter>
    </ClInclude>
    <ClInclude Include="GatherCenter.h">
      <Filter>Header Files\Interfaces</Filter>
    </ClInclude>
    <ClInclude Include="Meter.h">
      <Filter>Header Files\Defense</Filter>
    </ClInclude>
    <ClInclude Include="Player.h">
      <Filter>Header Files\World</Filter>
    </ClInclude>
    <ClInclude Include="Lift.h">
      <Filter>Header Files\Interfaces</Filter>
    </ClInclude>
    <ClInclude Include="SCV.h">
      <Filter>Header Files\Objects</Filter>
    </ClInclude>
    <ClInclude Include="FusionCutter.h">
      <Filter>Header Files\Offense</Filter>
    </ClInclude>
    <ClInclude Include="Weapon.h">
      <Filter>Header Files\Offense</Filter>
    </ClInclude>
    <ClInclude Include="Resource.h">
      <Filter>Header Files\Objects\Resource</Filter>
    </ClInclude>
    <ClInclude Include="Mineral.h">
      <Filter>Header Files\Objects\Resource</Filter>
    </ClInclude>
    <ClInclude Include="Regen.h">
      <Filter>Header Files\Defense</Filter>
    </ClInclude>
  </ItemGroup>
  <ItemGroup>
    <ClCompile Include="stdafx.cpp">
      <Filter>Source Files</Filter>
    </ClCompile>
    <ClCompile Include="SC2_OOP.cpp">
      <Filter>Source Files</Filter>
    </ClCompile>
    <ClCompile Include="FusionCutter.cpp">
      <Filter>Source Files\Offense</Filter>
    </ClCompile>
    <ClCompile Include="GameObject.cpp">
      <Filter>Source Files\Objects</Filter>
    </ClCompile>
    <ClCompile Include="Weapon.cpp">
      <Filter>Source Files\Offense</Filter>
    </ClCompile>
    <ClCompile Include="Armor.cpp">
      <Filter>Source Files\Defense</Filter>
    </ClCompile>
    <ClCompile Include="Meter.cpp">
      <Filter>Source Files\Defense</Filter>
    </ClCompile>
    <ClCompile Include="Shield.cpp">
      <Filter>Source Files\Defense</Filter>
    </ClCompile>
    <ClCompile Include="Resource.cpp">
      <Filter>Source Files\Objects\Resource</Filter>
    </ClCompile>
    <ClCompile Include="Regen.cpp">
      <Filter>Source Files\Defense</Filter>
    </ClCompile>
  </ItemGroup>
</Project>